
Microsoft Visual Studio Solution File, Format Version 12.00
# Visual Studio Version 16
VisualStudioVersion = 16.0.30621.155
MinimumVisualStudioVersion = 10.0.40219.1
Project("{FAE04EC0-301F-11D3-BF4B-00C04F79EFBC}") = "OnlineShop", "OnlineShop\OnlineShop.csproj", "{A39FF341-5B1B-48AB-86CE-7B1B657B1FDD}"
EndProject
Global
	GlobalSection(SolutionConfigurationPlatforms) = preSolution
		Debug|Any CPU = Debug|Any CPU
		Release|Any CPU = Release|Any CPU
	EndGlobalSection
	GlobalSection(ProjectConfigurationPlatforms) = postSolution
		{A39FF341-5B1B-48AB-86CE-7B1B657B1FDD}.Debug|Any CPU.ActiveCfg = Debug|Any CPU
		{A39FF341-5B1B-48AB-86CE-7B1B657B1FDD}.Debug|Any CPU.Build.0 = Debug|Any CPU
		{A39FF341-5B1B-48AB-86CE-7B1B657B1FDD}.Release|Any CPU.ActiveCfg = Release|Any CPU
		{A39FF341-5B1B-48AB-86CE-7B1B657B1FDD}.Release|Any CPU.Build.0 = Release|Any CPU
	EndGlobalSection
	GlobalSection(SolutionProperties) = preSolution
		HideSolutionNode = FALSE
	EndGlobalSection
	GlobalSection(ExtensibilityGlobals) = postSolution
		SolutionGuid = {3431021B-2F0A-4ABC-BAF9-5A982CF96935}
	EndGlobalSection
EndGlobal
